// !$*UTF8*$!
{
	archiveVersion = 1;
	classes = {
	};
	objectVersion = 47;
	objects = {

/* Begin PBXBuildFile section */
		11012F061C47404200FB4391 /* Localizable.strings in Resources */ = {isa = PBXBuildFile; fileRef = 11012F081C47404200FB4391 /* Localizable.strings */; };
		111BA68D1C46554C00AA9E80 /* AppKit.framework in Frameworks */ = {isa = PBXBuildFile; fileRef = 111BA68C1C46554C00AA9E80 /* AppKit.framework */; };
		111BA68F1C46554C00AA9E80 /* Foundation.framework in Frameworks */ = {isa = PBXBuildFile; fileRef = 111BA68E1C46554C00AA9E80 /* Foundation.framework */; };
		111BA6931C46554C00AA9E80 /* StringManage.xcscheme in Resources */ = {isa = PBXBuildFile; fileRef = 111BA6921C46554C00AA9E80 /* StringManage.xcscheme */; };
		111BA6961C46554C00AA9E80 /* StringManage.m in Sources */ = {isa = PBXBuildFile; fileRef = 111BA6951C46554C00AA9E80 /* StringManage.m */; };
		1144DF161C4FAB1700B4E3F0 /* NSString+Extension.m in Sources */ = {isa = PBXBuildFile; fileRef = 1144DF151C4FAB1700B4E3F0 /* NSString+Extension.m */; };
		1147CC3E1C4BF03000C44F66 /* StringInfoViewController.m in Sources */ = {isa = PBXBuildFile; fileRef = 1147CC3C1C4BF03000C44F66 /* StringInfoViewController.m */; };
		1162985F1C4DEB8C007537AD /* NSButton+Extension.m in Sources */ = {isa = PBXBuildFile; fileRef = 1162985E1C4DEB8C007537AD /* NSButton+Extension.m */; };
		1166BD821C47C86600AC94F7 /* PreferencesWindowController.m in Sources */ = {isa = PBXBuildFile; fileRef = 1166BD801C47C86600AC94F7 /* PreferencesWindowController.m */; };
		1166BD831C47C86600AC94F7 /* PreferencesWindowController.xib in Resources */ = {isa = PBXBuildFile; fileRef = 1166BD811C47C86600AC94F7 /* PreferencesWindowController.xib */; };
		11682D251C494445000C507E /* NSData+Split.m in Sources */ = {isa = PBXBuildFile; fileRef = 11682D241C494445000C507E /* NSData+Split.m */; };
		11967FA21C605E5C005FE185 /* StringEditViewController.m in Sources */ = {isa = PBXBuildFile; fileRef = 11967FA01C605E5C005FE185 /* StringEditViewController.m */; };
		11967FA31C605E5C005FE185 /* StringEditViewController.xib in Resources */ = {isa = PBXBuildFile; fileRef = 11967FA11C605E5C005FE185 /* StringEditViewController.xib */; };
		11B1DA621C49DDB400D3A050 /* find.sh in Resources */ = {isa = PBXBuildFile; fileRef = 11B1DA611C49DDB400D3A050 /* find.sh */; };
		11C27BA31C4A263800AB8F97 /* StringPathEditViewController.m in Sources */ = {isa = PBXBuildFile; fileRef = 11C27BA11C4A263800AB8F97 /* StringPathEditViewController.m */; };
		11C27BA41C4A263800AB8F97 /* StringPathEditViewController.xib in Resources */ = {isa = PBXBuildFile; fileRef = 11C27BA21C4A263800AB8F97 /* StringPathEditViewController.xib */; };
		11C3646F1C467D550090E172 /* StringModel.m in Sources */ = {isa = PBXBuildFile; fileRef = 11C3646E1C467D550090E172 /* StringModel.m */; };
		11CE6C7D1C4660AC00A05A3D /* StringWindowController.xib in Resources */ = {isa = PBXBuildFile; fileRef = 11CE6C7C1C4660AC00A05A3D /* StringWindowController.xib */; };
		11CE6C801C46620F00A05A3D /* StringWindowController.m in Sources */ = {isa = PBXBuildFile; fileRef = 11CE6C7F1C46620F00A05A3D /* StringWindowController.m */; };
		11E4C7E11C4BBE9E00D4BEA9 /* StringSetting.m in Sources */ = {isa = PBXBuildFile; fileRef = 11E4C7E01C4BBE9E00D4BEA9 /* StringSetting.m */; };
		11F3B9CF1CA8DD8400350851 /* NSArray+Extension.m in Sources */ = {isa = PBXBuildFile; fileRef = 11F3B9CE1CA8DD8400350851 /* NSArray+Extension.m */; };
		D31C8E401D23CD17009E6A81 /* AppDelegate.m in Sources */ = {isa = PBXBuildFile; fileRef = D31C8E3A1D23CD17009E6A81 /* AppDelegate.m */; };
		D31C8E411D23CD17009E6A81 /* Assets.xcassets in Resources */ = {isa = PBXBuildFile; fileRef = D31C8E3B1D23CD17009E6A81 /* Assets.xcassets */; };
		D31C8E441D23CD17009E6A81 /* main.m in Sources */ = {isa = PBXBuildFile; fileRef = D31C8E3F1D23CD17009E6A81 /* main.m */; };
		D31C8E461D23D148009E6A81 /* Main.storyboard in Resources */ = {isa = PBXBuildFile; fileRef = D31C8E451D23D148009E6A81 /* Main.storyboard */; };
		D3DE17C11D23A31700E5BB86 /* StringManage.m in Sources */ = {isa = PBXBuildFile; fileRef = 111BA6951C46554C00AA9E80 /* StringManage.m */; };
		D3DE17C31D23A31700E5BB86 /* StringWindowController.m in Sources */ = {isa = PBXBuildFile; fileRef = 11CE6C7F1C46620F00A05A3D /* StringWindowController.m */; };
		D3DE17C61D23A31700E5BB86 /* StringModel.m in Sources */ = {isa = PBXBuildFile; fileRef = 11C3646E1C467D550090E172 /* StringModel.m */; };
		D3DE17C81D23A31700E5BB86 /* PreferencesWindowController.m in Sources */ = {isa = PBXBuildFile; fileRef = 1166BD801C47C86600AC94F7 /* PreferencesWindowController.m */; };
		D3DE17CB1D23A31700E5BB86 /* StringPathEditViewController.m in Sources */ = {isa = PBXBuildFile; fileRef = 11C27BA11C4A263800AB8F97 /* StringPathEditViewController.m */; };
		D3DE17CE1D23A31700E5BB86 /* NSData+Split.m in Sources */ = {isa = PBXBuildFile; fileRef = 11682D241C494445000C507E /* NSData+Split.m */; };
		D3DE17D01D23A31700E5BB86 /* StringSetting.m in Sources */ = {isa = PBXBuildFile; fileRef = 11E4C7E01C4BBE9E00D4BEA9 /* StringSetting.m */; };
		D3DE17D21D23A31700E5BB86 /* StringInfoViewController.m in Sources */ = {isa = PBXBuildFile; fileRef = 1147CC3C1C4BF03000C44F66 /* StringInfoViewController.m */; };
		D3DE17D41D23A31700E5BB86 /* NSButton+Extension.m in Sources */ = {isa = PBXBuildFile; fileRef = 1162985E1C4DEB8C007537AD /* NSButton+Extension.m */; };
		D3DE17D61D23A31700E5BB86 /* NSString+Extension.m in Sources */ = {isa = PBXBuildFile; fileRef = 1144DF151C4FAB1700B4E3F0 /* NSString+Extension.m */; };
		D3DE17D81D23A31700E5BB86 /* StringEditViewController.m in Sources */ = {isa = PBXBuildFile; fileRef = 11967FA01C605E5C005FE185 /* StringEditViewController.m */; };
		D3DE17DB1D23A31700E5BB86 /* NSArray+Extension.m in Sources */ = {isa = PBXBuildFile; fileRef = 11F3B9CE1CA8DD8400350851 /* NSArray+Extension.m */; };
		D3DE17DC1D23A3C400E5BB86 /* StringWindowController.xib in Resources */ = {isa = PBXBuildFile; fileRef = 11CE6C7C1C4660AC00A05A3D /* StringWindowController.xib */; };
		D3DE17DD1D23A3C400E5BB86 /* PreferencesWindowController.xib in Resources */ = {isa = PBXBuildFile; fileRef = 1166BD811C47C86600AC94F7 /* PreferencesWindowController.xib */; };
		D3DE17DE1D23A3C400E5BB86 /* StringPathEditViewController.xib in Resources */ = {isa = PBXBuildFile; fileRef = 11C27BA21C4A263800AB8F97 /* StringPathEditViewController.xib */; };
		D3DE17DF1D23A3C400E5BB86 /* StringEditViewController.xib in Resources */ = {isa = PBXBuildFile; fileRef = 11967FA11C605E5C005FE185 /* StringEditViewController.xib */; };
		D3DE17E01D23A3C900E5BB86 /* Localizable.strings in Resources */ = {isa = PBXBuildFile; fileRef = 11012F081C47404200FB4391 /* Localizable.strings */; };
		D3DE17E11D23A3D500E5BB86 /* find.sh in Resources */ = {isa = PBXBuildFile; fileRef = 11B1DA611C49DDB400D3A050 /* find.sh */; };
		D3DE17E31D23A3EE00E5BB86 /* Foundation.framework in Frameworks */ = {isa = PBXBuildFile; fileRef = D3DE17E21D23A3EE00E5BB86 /* Foundation.framework */; };
/* End PBXBuildFile section */

/* Begin PBXFileReference section */
		11012F071C47404200FB4391 /* en */ = {isa = PBXFileReference; lastKnownFileType = text.plist.strings; name = en; path = en.lproj/Localizable.strings; sourceTree = "<group>"; };
		11012F091C47404D00FB4391 /* zh-Hans */ = {isa = PBXFileReference; lastKnownFileType = text.plist.strings; name = "zh-Hans"; path = "zh-Hans.lproj/Localizable.strings"; sourceTree = "<group>"; };
		11012F0A1C47405300FB4391 /* zh-Hant */ = {isa = PBXFileReference; lastKnownFileType = text.plist.strings; name = "zh-Hant"; path = "zh-Hant.lproj/Localizable.strings"; sourceTree = "<group>"; };
		11012F0B1C47406700FB4391 /* ja */ = {isa = PBXFileReference; lastKnownFileType = text.plist.strings; name = ja; path = ja.lproj/Localizable.strings; sourceTree = "<group>"; };
		111BA6891C46554C00AA9E80 /* StringManage.xcplugin */ = {isa = PBXFileReference; explicitFileType = wrapper.cfbundle; includeInIndex = 0; path = StringManage.xcplugin; sourceTree = BUILT_PRODUCTS_DIR; };
		111BA68C1C46554C00AA9E80 /* AppKit.framework */ = {isa = PBXFileReference; lastKnownFileType = wrapper.framework; name = AppKit.framework; path = /System/Library/Frameworks/AppKit.framework; sourceTree = "<absolute>"; };
		111BA68E1C46554C00AA9E80 /* Foundation.framework */ = {isa = PBXFileReference; lastKnownFileType = wrapper.framework; name = Foundation.framework; path = /System/Library/Frameworks/Foundation.framework; sourceTree = "<absolute>"; };
		111BA6921C46554C00AA9E80 /* StringManage.xcscheme */ = {isa = PBXFileReference; lastKnownFileType = text.xml; name = StringManage.xcscheme; path = StringManage.xcodeproj/xcshareddata/xcschemes/StringManage.xcscheme; sourceTree = SOURCE_ROOT; };
		111BA6941C46554C00AA9E80 /* StringManage.h */ = {isa = PBXFileReference; lastKnownFileType = sourcecode.c.h; path = StringManage.h; sourceTree = "<group>"; };
		111BA6951C46554C00AA9E80 /* StringManage.m */ = {isa = PBXFileReference; lastKnownFileType = sourcecode.c.objc; path = StringManage.m; sourceTree = "<group>"; };
		111BA69A1C46554C00AA9E80 /* Info.plist */ = {isa = PBXFileReference; lastKnownFileType = text.plist.xml; path = Info.plist; sourceTree = "<group>"; };
		1144DF141C4FAB1700B4E3F0 /* NSString+Extension.h */ = {isa = PBXFileReference; fileEncoding = 4; lastKnownFileType = sourcecode.c.h; path = "NSString+Extension.h"; sourceTree = "<group>"; };
		1144DF151C4FAB1700B4E3F0 /* NSString+Extension.m */ = {isa = PBXFileReference; fileEncoding = 4; lastKnownFileType = sourcecode.c.objc; path = "NSString+Extension.m"; sourceTree = "<group>"; };
		1147CC3B1C4BF03000C44F66 /* StringInfoViewController.h */ = {isa = PBXFileReference; fileEncoding = 4; lastKnownFileType = sourcecode.c.h; path = StringInfoViewController.h; sourceTree = "<group>"; };
		1147CC3C1C4BF03000C44F66 /* StringInfoViewController.m */ = {isa = PBXFileReference; fileEncoding = 4; lastKnownFileType = sourcecode.c.objc; path = StringInfoViewController.m; sourceTree = "<group>"; };
		1162985D1C4DEB8C007537AD /* NSButton+Extension.h */ = {isa = PBXFileReference; fileEncoding = 4; lastKnownFileType = sourcecode.c.h; path = "NSButton+Extension.h"; sourceTree = "<group>"; };
		1162985E1C4DEB8C007537AD /* NSButton+Extension.m */ = {isa = PBXFileReference; fileEncoding = 4; lastKnownFileType = sourcecode.c.objc; path = "NSButton+Extension.m"; sourceTree = "<group>"; };
		1166BD7F1C47C86600AC94F7 /* PreferencesWindowController.h */ = {isa = PBXFileReference; fileEncoding = 4; lastKnownFileType = sourcecode.c.h; path = PreferencesWindowController.h; sourceTree = "<group>"; };
		1166BD801C47C86600AC94F7 /* PreferencesWindowController.m */ = {isa = PBXFileReference; fileEncoding = 4; lastKnownFileType = sourcecode.c.objc; path = PreferencesWindowController.m; sourceTree = "<group>"; };
		1166BD811C47C86600AC94F7 /* PreferencesWindowController.xib */ = {isa = PBXFileReference; fileEncoding = 4; lastKnownFileType = file.xib; path = PreferencesWindowController.xib; sourceTree = "<group>"; };
		11682D231C494445000C507E /* NSData+Split.h */ = {isa = PBXFileReference; fileEncoding = 4; lastKnownFileType = sourcecode.c.h; path = "NSData+Split.h"; sourceTree = "<group>"; };
		11682D241C494445000C507E /* NSData+Split.m */ = {isa = PBXFileReference; fileEncoding = 4; lastKnownFileType = sourcecode.c.objc; path = "NSData+Split.m"; sourceTree = "<group>"; };
		11967F9F1C605E5C005FE185 /* StringEditViewController.h */ = {isa = PBXFileReference; fileEncoding = 4; lastKnownFileType = sourcecode.c.h; path = StringEditViewController.h; sourceTree = "<group>"; };
		11967FA01C605E5C005FE185 /* StringEditViewController.m */ = {isa = PBXFileReference; fileEncoding = 4; lastKnownFileType = sourcecode.c.objc; path = StringEditViewController.m; sourceTree = "<group>"; };
		11967FA11C605E5C005FE185 /* StringEditViewController.xib */ = {isa = PBXFileReference; fileEncoding = 4; lastKnownFileType = file.xib; path = StringEditViewController.xib; sourceTree = "<group>"; };
		11B1DA611C49DDB400D3A050 /* find.sh */ = {isa = PBXFileReference; fileEncoding = 4; lastKnownFileType = text.script.sh; path = find.sh; sourceTree = "<group>"; };
		11C27BA01C4A263800AB8F97 /* StringPathEditViewController.h */ = {isa = PBXFileReference; fileEncoding = 4; lastKnownFileType = sourcecode.c.h; path = StringPathEditViewController.h; sourceTree = "<group>"; };
		11C27BA11C4A263800AB8F97 /* StringPathEditViewController.m */ = {isa = PBXFileReference; fileEncoding = 4; lastKnownFileType = sourcecode.c.objc; path = StringPathEditViewController.m; sourceTree = "<group>"; };
		11C27BA21C4A263800AB8F97 /* StringPathEditViewController.xib */ = {isa = PBXFileReference; fileEncoding = 4; lastKnownFileType = file.xib; path = StringPathEditViewController.xib; sourceTree = "<group>"; };
		11C3646D1C467D550090E172 /* StringModel.h */ = {isa = PBXFileReference; fileEncoding = 4; lastKnownFileType = sourcecode.c.h; path = StringModel.h; sourceTree = "<group>"; };
		11C3646E1C467D550090E172 /* StringModel.m */ = {isa = PBXFileReference; fileEncoding = 4; lastKnownFileType = sourcecode.c.objc; path = StringModel.m; sourceTree = "<group>"; };
		11CE6C7C1C4660AC00A05A3D /* StringWindowController.xib */ = {isa = PBXFileReference; fileEncoding = 4; lastKnownFileType = file.xib; path = StringWindowController.xib; sourceTree = "<group>"; };
		11CE6C7E1C46620F00A05A3D /* StringWindowController.h */ = {isa = PBXFileReference; fileEncoding = 4; lastKnownFileType = sourcecode.c.h; path = StringWindowController.h; sourceTree = "<group>"; };
		11CE6C7F1C46620F00A05A3D /* StringWindowController.m */ = {isa = PBXFileReference; fileEncoding = 4; lastKnownFileType = sourcecode.c.objc; path = StringWindowController.m; sourceTree = "<group>"; };
		11E4C7DF1C4BBE9E00D4BEA9 /* StringSetting.h */ = {isa = PBXFileReference; fileEncoding = 4; lastKnownFileType = sourcecode.c.h; path = StringSetting.h; sourceTree = "<group>"; };
		11E4C7E01C4BBE9E00D4BEA9 /* StringSetting.m */ = {isa = PBXFileReference; fileEncoding = 4; lastKnownFileType = sourcecode.c.objc; path = StringSetting.m; sourceTree = "<group>"; };
		11F3B9CD1CA8DD8400350851 /* NSArray+Extension.h */ = {isa = PBXFileReference; fileEncoding = 4; lastKnownFileType = sourcecode.c.h; path = "NSArray+Extension.h"; sourceTree = "<group>"; };
		11F3B9CE1CA8DD8400350851 /* NSArray+Extension.m */ = {isa = PBXFileReference; fileEncoding = 4; lastKnownFileType = sourcecode.c.objc; path = "NSArray+Extension.m"; sourceTree = "<group>"; };
		D310A6D81D22802A00677D1A /* StringManager.app */ = {isa = PBXFileReference; explicitFileType = wrapper.application; includeInIndex = 0; path = StringManager.app; sourceTree = BUILT_PRODUCTS_DIR; };
		D31C8E391D23CD17009E6A81 /* AppDelegate.h */ = {isa = PBXFileReference; fileEncoding = 4; lastKnownFileType = sourcecode.c.h; path = AppDelegate.h; sourceTree = "<group>"; };
		D31C8E3A1D23CD17009E6A81 /* AppDelegate.m */ = {isa = PBXFileReference; fileEncoding = 4; lastKnownFileType = sourcecode.c.objc; path = AppDelegate.m; sourceTree = "<group>"; };
		D31C8E3B1D23CD17009E6A81 /* Assets.xcassets */ = {isa = PBXFileReference; lastKnownFileType = folder.assetcatalog; path = Assets.xcassets; sourceTree = "<group>"; };
		D31C8E3E1D23CD17009E6A81 /* Info.plist */ = {isa = PBXFileReference; fileEncoding = 4; lastKnownFileType = text.plist.xml; path = Info.plist; sourceTree = "<group>"; };
		D31C8E3F1D23CD17009E6A81 /* main.m */ = {isa = PBXFileReference; fileEncoding = 4; lastKnownFileType = sourcecode.c.objc; path = main.m; sourceTree = "<group>"; };
		D31C8E451D23D148009E6A81 /* Main.storyboard */ = {isa = PBXFileReference; fileEncoding = 4; lastKnownFileType = file.storyboard; path = Main.storyboard; sourceTree = "<group>"; };
		D3DE17E21D23A3EE00E5BB86 /* Foundation.framework */ = {isa = PBXFileReference; lastKnownFileType = wrapper.framework; name = Foundation.framework; path = System/Library/Frameworks/Foundation.framework; sourceTree = SDKROOT; };
/* End PBXFileReference section */

/* Begin PBXFrameworksBuildPhase section */
		111BA6871C46554B00AA9E80 /* Frameworks */ = {
			isa = PBXFrameworksBuildPhase;
			buildActionMask = 2147483647;
			files = (
				111BA68D1C46554C00AA9E80 /* AppKit.framework in Frameworks */,
				111BA68F1C46554C00AA9E80 /* Foundation.framework in Frameworks */,
			);
			runOnlyForDeploymentPostprocessing = 0;
		};
		D310A6D51D22802A00677D1A /* Frameworks */ = {
			isa = PBXFrameworksBuildPhase;
			buildActionMask = 2147483647;
			files = (
				D3DE17E31D23A3EE00E5BB86 /* Foundation.framework in Frameworks */,
			);
			runOnlyForDeploymentPostprocessing = 0;
		};
/* End PBXFrameworksBuildPhase section */

/* Begin PBXGroup section */
		111BA6801C46554B00AA9E80 = {
			isa = PBXGroup;
			children = (
				111BA6901C46554C00AA9E80 /* StringManage */,
				D31C8E381D23CD17009E6A81 /* StringManager */,
				111BA68B1C46554C00AA9E80 /* Frameworks */,
				111BA68A1C46554C00AA9E80 /* Products */,
			);
			sourceTree = "<group>";
		};
		111BA68A1C46554C00AA9E80 /* Products */ = {
			isa = PBXGroup;
			children = (
				111BA6891C46554C00AA9E80 /* StringManage.xcplugin */,
				D310A6D81D22802A00677D1A /* StringManager.app */,
			);
			name = Products;
			sourceTree = "<group>";
		};
		111BA68B1C46554C00AA9E80 /* Frameworks */ = {
			isa = PBXGroup;
			children = (
				D3DE17E21D23A3EE00E5BB86 /* Foundation.framework */,
				111BA68C1C46554C00AA9E80 /* AppKit.framework */,
				111BA68E1C46554C00AA9E80 /* Foundation.framework */,
			);
			name = Frameworks;
			sourceTree = "<group>";
		};
		111BA6901C46554C00AA9E80 /* StringManage */ = {
			isa = PBXGroup;
			children = (
				111BA6941C46554C00AA9E80 /* StringManage.h */,
				111BA6951C46554C00AA9E80 /* StringManage.m */,
				111BA6911C46554C00AA9E80 /* Supporting Files */,
				11CE6C7E1C46620F00A05A3D /* StringWindowController.h */,
				11CE6C7F1C46620F00A05A3D /* StringWindowController.m */,
				11CE6C7C1C4660AC00A05A3D /* StringWindowController.xib */,
				11C3646D1C467D550090E172 /* StringModel.h */,
				11C3646E1C467D550090E172 /* StringModel.m */,
				1166BD7F1C47C86600AC94F7 /* PreferencesWindowController.h */,
				1166BD801C47C86600AC94F7 /* PreferencesWindowController.m */,
				1166BD811C47C86600AC94F7 /* PreferencesWindowController.xib */,
				11C27BA01C4A263800AB8F97 /* StringPathEditViewController.h */,
				11C27BA11C4A263800AB8F97 /* StringPathEditViewController.m */,
				11C27BA21C4A263800AB8F97 /* StringPathEditViewController.xib */,
				11682D231C494445000C507E /* NSData+Split.h */,
				11682D241C494445000C507E /* NSData+Split.m */,
				11E4C7DF1C4BBE9E00D4BEA9 /* StringSetting.h */,
				11E4C7E01C4BBE9E00D4BEA9 /* StringSetting.m */,
				1147CC3B1C4BF03000C44F66 /* StringInfoViewController.h */,
				1147CC3C1C4BF03000C44F66 /* StringInfoViewController.m */,
				1162985D1C4DEB8C007537AD /* NSButton+Extension.h */,
				1162985E1C4DEB8C007537AD /* NSButton+Extension.m */,
				1144DF141C4FAB1700B4E3F0 /* NSString+Extension.h */,
				1144DF151C4FAB1700B4E3F0 /* NSString+Extension.m */,
				11967F9F1C605E5C005FE185 /* StringEditViewController.h */,
				11967FA01C605E5C005FE185 /* StringEditViewController.m */,
				11967FA11C605E5C005FE185 /* StringEditViewController.xib */,
				11F3B9CD1CA8DD8400350851 /* NSArray+Extension.h */,
				11F3B9CE1CA8DD8400350851 /* NSArray+Extension.m */,
			);
			path = StringManage;
			sourceTree = "<group>";
		};
		111BA6911C46554C00AA9E80 /* Supporting Files */ = {
			isa = PBXGroup;
			children = (
				11B1DA611C49DDB400D3A050 /* find.sh */,
				111BA69A1C46554C00AA9E80 /* Info.plist */,
				111BA6921C46554C00AA9E80 /* StringManage.xcscheme */,
				11012F081C47404200FB4391 /* Localizable.strings */,
			);
			name = "Supporting Files";
			sourceTree = "<group>";
		};
		D31C8E381D23CD17009E6A81 /* StringManager */ = {
			isa = PBXGroup;
			children = (
				D31C8E391D23CD17009E6A81 /* AppDelegate.h */,
				D31C8E3A1D23CD17009E6A81 /* AppDelegate.m */,
				D31C8E3B1D23CD17009E6A81 /* Assets.xcassets */,
				D31C8E3E1D23CD17009E6A81 /* Info.plist */,
				D31C8E3F1D23CD17009E6A81 /* main.m */,
				D31C8E451D23D148009E6A81 /* Main.storyboard */,
			);
			path = StringManager;
			sourceTree = "<group>";
		};
/* End PBXGroup section */

/* Begin PBXNativeTarget section */
		111BA6881C46554B00AA9E80 /* StringManage */ = {
			isa = PBXNativeTarget;
			buildConfigurationList = 111BA69D1C46554C00AA9E80 /* Build configuration list for PBXNativeTarget "StringManage" */;
			buildPhases = (
				111BA6851C46554B00AA9E80 /* Sources */,
				111BA6861C46554B00AA9E80 /* Resources */,
				111BA6871C46554B00AA9E80 /* Frameworks */,
			);
			buildRules = (
			);
			dependencies = (
			);
			name = StringManage;
			productName = StringManage;
			productReference = 111BA6891C46554C00AA9E80 /* StringManage.xcplugin */;
			productType = "com.apple.product-type.bundle";
		};
		D310A6D71D22802A00677D1A /* StringManager */ = {
			isa = PBXNativeTarget;
			buildConfigurationList = D310A6EB1D22802A00677D1A /* Build configuration list for PBXNativeTarget "StringManager" */;
			buildPhases = (
				D310A6D41D22802A00677D1A /* Sources */,
				D310A6D51D22802A00677D1A /* Frameworks */,
				D310A6D61D22802A00677D1A /* Resources */,
			);
			buildRules = (
			);
			dependencies = (
			);
			name = StringManager;
			productName = "String Manager";
			productReference = D310A6D81D22802A00677D1A /* StringManager.app */;
			productType = "com.apple.product-type.application";
		};
/* End PBXNativeTarget section */

/* Begin PBXProject section */
		111BA6811C46554B00AA9E80 /* Project object */ = {
			isa = PBXProject;
			attributes = {
				LastUpgradeCheck = 0820;
				ORGANIZATIONNAME = Ray;
				TargetAttributes = {
					111BA6881C46554B00AA9E80 = {
						CreatedOnToolsVersion = 7.2;
					};
					D310A6D71D22802A00677D1A = {
						CreatedOnToolsVersion = 7.3.1;
					};
				};
			};
			buildConfigurationList = 111BA6841C46554B00AA9E80 /* Build configuration list for PBXProject "StringManage" */;
			compatibilityVersion = "Xcode 6.3";
			developmentRegion = English;
			hasScannedForEncodings = 0;
			knownRegions = (
				en,
				"zh-Hans",
				"zh-Hant",
				ja,
				Base,
			);
			mainGroup = 111BA6801C46554B00AA9E80;
			productRefGroup = 111BA68A1C46554C00AA9E80 /* Products */;
			projectDirPath = "";
			projectRoot = "";
			targets = (
				111BA6881C46554B00AA9E80 /* StringManage */,
				D310A6D71D22802A00677D1A /* StringManager */,
			);
		};
/* End PBXProject section */

/* Begin PBXResourcesBuildPhase section */
		111BA6861C46554B00AA9E80 /* Resources */ = {
			isa = PBXResourcesBuildPhase;
			buildActionMask = 2147483647;
			files = (
				11CE6C7D1C4660AC00A05A3D /* StringWindowController.xib in Resources */,
				1166BD831C47C86600AC94F7 /* PreferencesWindowController.xib in Resources */,
				11012F061C47404200FB4391 /* Localizable.strings in Resources */,
				11C27BA41C4A263800AB8F97 /* StringPathEditViewController.xib in Resources */,
				111BA6931C46554C00AA9E80 /* StringManage.xcscheme in Resources */,
				11967FA31C605E5C005FE185 /* StringEditViewController.xib in Resources */,
				11B1DA621C49DDB400D3A050 /* find.sh in Resources */,
			);
			runOnlyForDeploymentPostprocessing = 0;
		};
		D310A6D61D22802A00677D1A /* Resources */ = {
			isa = PBXResourcesBuildPhase;
			buildActionMask = 2147483647;
			files = (
				D3DE17E11D23A3D500E5BB86 /* find.sh in Resources */,
				D31C8E461D23D148009E6A81 /* Main.storyboard in Resources */,
				D3DE17E01D23A3C900E5BB86 /* Localizable.strings in Resources */,
				D3DE17DC1D23A3C400E5BB86 /* StringWindowController.xib in Resources */,
				D3DE17DD1D23A3C400E5BB86 /* PreferencesWindowController.xib in Resources */,
				D31C8E411D23CD17009E6A81 /* Assets.xcassets in Resources */,
				D3DE17DE1D23A3C400E5BB86 /* StringPathEditViewController.xib in Resources */,
				D3DE17DF1D23A3C400E5BB86 /* StringEditViewController.xib in Resources */,
			);
			runOnlyForDeploymentPostprocessing = 0;
		};
/* End PBXResourcesBuildPhase section */

/* Begin PBXSourcesBuildPhase section */
		111BA6851C46554B00AA9E80 /* Sources */ = {
			isa = PBXSourcesBuildPhase;
			buildActionMask = 2147483647;
			files = (
				1166BD821C47C86600AC94F7 /* PreferencesWindowController.m in Sources */,
				111BA6961C46554C00AA9E80 /* StringManage.m in Sources */,
				11682D251C494445000C507E /* NSData+Split.m in Sources */,
				1162985F1C4DEB8C007537AD /* NSButton+Extension.m in Sources */,
				11C27BA31C4A263800AB8F97 /* StringPathEditViewController.m in Sources */,
				1144DF161C4FAB1700B4E3F0 /* NSString+Extension.m in Sources */,
				11F3B9CF1CA8DD8400350851 /* NSArray+Extension.m in Sources */,
				11CE6C801C46620F00A05A3D /* StringWindowController.m in Sources */,
				11E4C7E11C4BBE9E00D4BEA9 /* StringSetting.m in Sources */,
				11C3646F1C467D550090E172 /* StringModel.m in Sources */,
				11967FA21C605E5C005FE185 /* StringEditViewController.m in Sources */,
				1147CC3E1C4BF03000C44F66 /* StringInfoViewController.m in Sources */,
			);
			runOnlyForDeploymentPostprocessing = 0;
		};
		D310A6D41D22802A00677D1A /* Sources */ = {
			isa = PBXSourcesBuildPhase;
			buildActionMask = 2147483647;
			files = (
				D3DE17C11D23A31700E5BB86 /* StringManage.m in Sources */,
				D3DE17C31D23A31700E5BB86 /* StringWindowController.m in Sources */,
				D3DE17C61D23A31700E5BB86 /* StringModel.m in Sources */,
				D3DE17C81D23A31700E5BB86 /* PreferencesWindowController.m in Sources */,
				D3DE17CB1D23A31700E5BB86 /* StringPathEditViewController.m in Sources */,
				D3DE17CE1D23A31700E5BB86 /* NSData+Split.m in Sources */,
				D3DE17D01D23A31700E5BB86 /* StringSetting.m in Sources */,
				D31C8E401D23CD17009E6A81 /* AppDelegate.m in Sources */,
				D3DE17D21D23A31700E5BB86 /* StringInfoViewController.m in Sources */,
				D3DE17D41D23A31700E5BB86 /* NSButton+Extension.m in Sources */,
				D3DE17D61D23A31700E5BB86 /* NSString+Extension.m in Sources */,
				D3DE17D81D23A31700E5BB86 /* StringEditViewController.m in Sources */,
				D31C8E441D23CD17009E6A81 /* main.m in Sources */,
				D3DE17DB1D23A31700E5BB86 /* NSArray+Extension.m in Sources */,
			);
			runOnlyForDeploymentPostprocessing = 0;
		};
/* End PBXSourcesBuildPhase section */

/* Begin PBXVariantGroup section */
		11012F081C47404200FB4391 /* Localizable.strings */ = {
			isa = PBXVariantGroup;
			children = (
				11012F071C47404200FB4391 /* en */,
				11012F091C47404D00FB4391 /* zh-Hans */,
				11012F0A1C47405300FB4391 /* zh-Hant */,
				11012F0B1C47406700FB4391 /* ja */,
			);
			name = Localizable.strings;
			sourceTree = "<group>";
		};
/* End PBXVariantGroup section */

/* Begin XCBuildConfiguration section */
		111BA69B1C46554C00AA9E80 /* Debug */ = {
			isa = XCBuildConfiguration;
			buildSettings = {
				ALWAYS_SEARCH_USER_PATHS = NO;
				CLANG_ANALYZER_LOCALIZABILITY_NONLOCALIZED = YES;
				CLANG_CXX_LANGUAGE_STANDARD = "gnu++0x";
				CLANG_CXX_LIBRARY = "libc++";
				CLANG_ENABLE_MODULES = YES;
				CLANG_ENABLE_OBJC_ARC = YES;
				CLANG_WARN_BOOL_CONVERSION = YES;
				CLANG_WARN_CONSTANT_CONVERSION = YES;
				CLANG_WARN_DIRECT_OBJC_ISA_USAGE = YES_ERROR;
				CLANG_WARN_EMPTY_BODY = YES;
				CLANG_WARN_ENUM_CONVERSION = YES;
				CLANG_WARN_INFINITE_RECURSION = YES;
				CLANG_WARN_INT_CONVERSION = YES;
				CLANG_WARN_OBJC_ROOT_CLASS = YES_ERROR;
				CLANG_WARN_SUSPICIOUS_MOVE = YES;
				CLANG_WARN_UNREACHABLE_CODE = YES;
				CLANG_WARN__DUPLICATE_METHOD_MATCH = YES;
				COPY_PHASE_STRIP = NO;
				DEBUG_INFORMATION_FORMAT = dwarf;
				ENABLE_STRICT_OBJC_MSGSEND = YES;
				ENABLE_TESTABILITY = YES;
				GCC_C_LANGUAGE_STANDARD = gnu99;
				GCC_DYNAMIC_NO_PIC = NO;
				GCC_NO_COMMON_BLOCKS = YES;
				GCC_OPTIMIZATION_LEVEL = 0;
				GCC_PREPROCESSOR_DEFINITIONS = (
					"DEBUG=1",
					"$(inherited)",
				);
				GCC_WARN_64_TO_32_BIT_CONVERSION = YES;
				GCC_WARN_ABOUT_RETURN_TYPE = YES_ERROR;
				GCC_WARN_UNDECLARED_SELECTOR = YES;
				GCC_WARN_UNINITIALIZED_AUTOS = YES_AGGRESSIVE;
				GCC_WARN_UNUSED_FUNCTION = YES;
				GCC_WARN_UNUSED_VARIABLE = YES;
				MTL_ENABLE_DEBUG_INFO = YES;
				ONLY_ACTIVE_ARCH = YES;
			};
			name = Debug;
		};
		111BA69C1C46554C00AA9E80 /* Release */ = {
			isa = XCBuildConfiguration;
			buildSettings = {
				ALWAYS_SEARCH_USER_PATHS = NO;
				CLANG_ANALYZER_LOCALIZABILITY_NONLOCALIZED = YES;
				CLANG_CXX_LANGUAGE_STANDARD = "gnu++0x";
				CLANG_CXX_LIBRARY = "libc++";
				CLANG_ENABLE_MODULES = YES;
				CLANG_ENABLE_OBJC_ARC = YES;
				CLANG_WARN_BOOL_CONVERSION = YES;
				CLANG_WARN_CONSTANT_CONVERSION = YES;
				CLANG_WARN_DIRECT_OBJC_ISA_USAGE = YES_ERROR;
				CLANG_WARN_EMPTY_BODY = YES;
				CLANG_WARN_ENUM_CONVERSION = YES;
				CLANG_WARN_INFINITE_RECURSION = YES;
				CLANG_WARN_INT_CONVERSION = YES;
				CLANG_WARN_OBJC_ROOT_CLASS = YES_ERROR;
				CLANG_WARN_SUSPICIOUS_MOVE = YES;
				CLANG_WARN_UNREACHABLE_CODE = YES;
				CLANG_WARN__DUPLICATE_METHOD_MATCH = YES;
				COPY_PHASE_STRIP = NO;
				DEBUG_INFORMATION_FORMAT = "dwarf-with-dsym";
				ENABLE_NS_ASSERTIONS = NO;
				ENABLE_STRICT_OBJC_MSGSEND = YES;
				GCC_C_LANGUAGE_STANDARD = gnu99;
				GCC_NO_COMMON_BLOCKS = YES;
				GCC_WARN_64_TO_32_BIT_CONVERSION = YES;
				GCC_WARN_ABOUT_RETURN_TYPE = YES_ERROR;
				GCC_WARN_UNDECLARED_SELECTOR = YES;
				GCC_WARN_UNINITIALIZED_AUTOS = YES_AGGRESSIVE;
				GCC_WARN_UNUSED_FUNCTION = YES;
				GCC_WARN_UNUSED_VARIABLE = YES;
				MTL_ENABLE_DEBUG_INFO = NO;
			};
			name = Release;
		};
		111BA69E1C46554C00AA9E80 /* Debug */ = {
			isa = XCBuildConfiguration;
			buildSettings = {
				COMBINE_HIDPI_IMAGES = YES;
				DEPLOYMENT_LOCATION = YES;
				DSTROOT = "$(HOME)";
				FRAMEWORK_SEARCH_PATHS = (
					"$(inherited)",
					"$(PROJECT_DIR)",
				);
				INFOPLIST_FILE = StringManage/Info.plist;
				INSTALL_PATH = "/Library/Application Support/Developer/Shared/Xcode/Plug-ins";
				MACOSX_DEPLOYMENT_TARGET = 10.11;
				PRODUCT_BUNDLE_IDENTIFIER = com.kiwik.StringManage;
				PRODUCT_NAME = "$(TARGET_NAME)";
				WRAPPER_EXTENSION = xcplugin;
			};
			name = Debug;
		};
		111BA69F1C46554C00AA9E80 /* Release */ = {
			isa = XCBuildConfiguration;
			buildSettings = {
				COMBINE_HIDPI_IMAGES = YES;
				DEPLOYMENT_LOCATION = YES;
				DSTROOT = "$(HOME)";
				FRAMEWORK_SEARCH_PATHS = (
					"$(inherited)",
					"$(PROJECT_DIR)",
				);
				INFOPLIST_FILE = StringManage/Info.plist;
				INSTALL_PATH = "/Library/Application Support/Developer/Shared/Xcode/Plug-ins";
				MACOSX_DEPLOYMENT_TARGET = 10.11;
				PRODUCT_BUNDLE_IDENTIFIER = com.kiwik.StringManage;
				PRODUCT_NAME = "$(TARGET_NAME)";
				WRAPPER_EXTENSION = xcplugin;
			};
			name = Release;
		};
		D310A6E91D22802A00677D1A /* Debug */ = {
			isa = XCBuildConfiguration;
			buildSettings = {
				ASSETCATALOG_COMPILER_APPICON_NAME = AppIcon;
				CLANG_ANALYZER_NONNULL = YES;
				CODE_SIGN_IDENTITY = "-";
				COMBINE_HIDPI_IMAGES = YES;
				INFOPLIST_FILE = StringManager/Info.plist;
				LD_RUNPATH_SEARCH_PATHS = "$(inherited) @executable_path/../Frameworks";
				MACOSX_DEPLOYMENT_TARGET = 10.9;
				PRODUCT_BUNDLE_IDENTIFIER = com.rayray.StringManager;
				PRODUCT_NAME = "$(TARGET_NAME)";
				SDKROOT = macosx;
			};
			name = Debug;
		};
		D310A6EA1D22802A00677D1A /* Release */ = {
			isa = XCBuildConfiguration;
			buildSettings = {
				ASSETCATALOG_COMPILER_APPICON_NAME = AppIcon;
				CLANG_ANALYZER_NONNULL = YES;
				CODE_SIGN_IDENTITY = "-";
				COMBINE_HIDPI_IMAGES = YES;
				INFOPLIST_FILE = StringManager/Info.plist;
				LD_RUNPATH_SEARCH_PATHS = "$(inherited) @executable_path/../Frameworks";
				MACOSX_DEPLOYMENT_TARGET = 10.9;
				PRODUCT_BUNDLE_IDENTIFIER = com.rayray.StringManager;
				PRODUCT_NAME = "$(TARGET_NAME)";
				SDKROOT = macosx;
			};
			name = Release;
		};
/* End XCBuildConfiguration section */

/* Begin XCConfigurationList section */
		111BA6841C46554B00AA9E80 /* Build configuration list for PBXProject "StringManage" */ = {
			isa = XCConfigurationList;
			buildConfigurations = (
				111BA69B1C46554C00AA9E80 /* Debug */,
				111BA69C1C46554C00AA9E80 /* Release */,
			);
			defaultConfigurationIsVisible = 0;
			defaultConfigurationName = Release;
		};
		111BA69D1C46554C00AA9E80 /* Build configuration list for PBXNativeTarget "StringManage" */ = {
			isa = XCConfigurationList;
			buildConfigurations = (
				111BA69E1C46554C00AA9E80 /* Debug */,
				111BA69F1C46554C00AA9E80 /* Release */,
			);
			defaultConfigurationIsVisible = 0;
			defaultConfigurationName = Release;
		};
		D310A6EB1D22802A00677D1A /* Build configuration list for PBXNativeTarget "StringManager" */ = {
			isa = XCConfigurationList;
			buildConfigurations = (
				D310A6E91D22802A00677D1A /* Debug */,
				D310A6EA1D22802A00677D1A /* Release */,
			);
			defaultConfigurationIsVisible = 0;
			defaultConfigurationName = Release;
		};
/* End XCConfigurationList section */
	};
	rootObject = 111BA6811C46554B00AA9E80 /* Project object */;
}
